
Microsoft Visual Studio Solution File, Format Version 12.00
# Visual Studio 2013
VisualStudioVersion = 12.0.40629.0
MinimumVisualStudioVersion = 10.0.40219.1
Project("{8BC9CEB8-8B4A-11D0-8D11-00A0C91BC942}") = "PopAbc", "PopAbc.vcxproj", "{64811728-CD20-4F2C-899B-E3BF3D4B032E}"
	ProjectSection(ProjectDependencies) = postProject
		{D18B3ABF-23BD-42D8-BAB1-DA4921F1033D} = {D18B3ABF-23BD-42D8-BAB1-DA4921F1033D}
	EndProjectSection
EndProject
Project("{8BC9CEB8-8B4A-11D0-8D11-00A0C91BC942}") = "SoyLib", "..\..\SoyLib\SoyLib.visualstudio\SoyLib.vcxproj", "{D18B3ABF-23BD-42D8-BAB1-DA4921F1033D}"
EndProject
Project("{8BC9CEB8-8B4A-11D0-8D11-00A0C91BC942}") = "Half", "..\..\OpenExrVs\IlmBase\vc\vc12\IlmBase\Half\Half.vcxproj", "{9EDB5C0F-BFD0-4A59-BB93-F06A52BB0128}"
EndProject
Project("{8BC9CEB8-8B4A-11D0-8D11-00A0C91BC942}") = "Iex", "..\..\OpenExrVs\IlmBase\vc\vc12\IlmBase\Iex\Iex.vcxproj", "{C46B9A53-86D8-4B7F-AB15-B2C04518A195}"
EndProject
Global
	GlobalSection(SolutionConfigurationPlatforms) = preSolution
		Debug_4ByteStruct|Win32 = Debug_4ByteStruct|Win32
		Debug_4ByteStruct|x64 = Debug_4ByteStruct|x64
		Debug|Win32 = Debug|Win32
		Debug|x64 = Debug|x64
		Master|Win32 = Master|Win32
		Master|x64 = Master|x64
		Release_4ByteStruct|Win32 = Release_4ByteStruct|Win32
		Release_4ByteStruct|x64 = Release_4ByteStruct|x64
		Release|Win32 = Release|Win32
		Release|x64 = Release|x64
	EndGlobalSection
	GlobalSection(ProjectConfigurationPlatforms) = postSolution
		{64811728-CD20-4F2C-899B-E3BF3D4B032E}.Debug_4ByteStruct|Win32.ActiveCfg = Debug|Win32
		{64811728-CD20-4F2C-899B-E3BF3D4B032E}.Debug_4ByteStruct|Win32.Build.0 = Debug|Win32
		{64811728-CD20-4F2C-899B-E3BF3D4B032E}.Debug_4ByteStruct|x64.ActiveCfg = Debug|x64
		{64811728-CD20-4F2C-899B-E3BF3D4B032E}.Debug_4ByteStruct|x64.Build.0 = Debug|x64
		{64811728-CD20-4F2C-899B-E3BF3D4B032E}.Debug|Win32.ActiveCfg = Debug|Win32
		{64811728-CD20-4F2C-899B-E3BF3D4B032E}.Debug|Win32.Build.0 = Debug|Win32
		{64811728-CD20-4F2C-899B-E3BF3D4B032E}.Debug|x64.ActiveCfg = Debug|x64
		{64811728-CD20-4F2C-899B-E3BF3D4B032E}.Debug|x64.Build.0 = Debug|x64
		{64811728-CD20-4F2C-899B-E3BF3D4B032E}.Master|Win32.ActiveCfg = Debug|Win32
		{64811728-CD20-4F2C-899B-E3BF3D4B032E}.Master|Win32.Build.0 = Debug|Win32
		{64811728-CD20-4F2C-899B-E3BF3D4B032E}.Master|x64.ActiveCfg = Debug|x64
		{64811728-CD20-4F2C-899B-E3BF3D4B032E}.Master|x64.Build.0 = Debug|x64
		{64811728-CD20-4F2C-899B-E3BF3D4B032E}.Release_4ByteStruct|Win32.ActiveCfg = Debug|Win32
		{64811728-CD20-4F2C-899B-E3BF3D4B032E}.Release_4ByteStruct|Win32.Build.0 = Debug|Win32
		{64811728-CD20-4F2C-899B-E3BF3D4B032E}.Release_4ByteStruct|x64.ActiveCfg = Debug|x64
		{64811728-CD20-4F2C-899B-E3BF3D4B032E}.Release_4ByteStruct|x64.Build.0 = Debug|x64
		{64811728-CD20-4F2C-899B-E3BF3D4B032E}.Release|Win32.ActiveCfg = Debug|Win32
		{64811728-CD20-4F2C-899B-E3BF3D4B032E}.Release|Win32.Build.0 = Debug|Win32
		{64811728-CD20-4F2C-899B-E3BF3D4B032E}.Release|x64.ActiveCfg = Debug|x64
		{64811728-CD20-4F2C-899B-E3BF3D4B032E}.Release|x64.Build.0 = Debug|x64
		{D18B3ABF-23BD-42D8-BAB1-DA4921F1033D}.Debug_4ByteStruct|Win32.ActiveCfg = Debug|Win32
		{D18B3ABF-23BD-42D8-BAB1-DA4921F1033D}.Debug_4ByteStruct|Win32.Build.0 = Debug|Win32
		{D18B3ABF-23BD-42D8-BAB1-DA4921F1033D}.Debug_4ByteStruct|x64.ActiveCfg = Debug|x64
		{D18B3ABF-23BD-42D8-BAB1-DA4921F1033D}.Debug_4ByteStruct|x64.Build.0 = Debug|x64
		{D18B3ABF-23BD-42D8-BAB1-DA4921F1033D}.Debug|Win32.ActiveCfg = Debug|Win32
		{D18B3ABF-23BD-42D8-BAB1-DA4921F1033D}.Debug|Win32.Build.0 = Debug|Win32
		{D18B3ABF-23BD-42D8-BAB1-DA4921F1033D}.Debug|x64.ActiveCfg = Debug|x64
		{D18B3ABF-23BD-42D8-BAB1-DA4921F1033D}.Debug|x64.Build.0 = Debug|x64
		{D18B3ABF-23BD-42D8-BAB1-DA4921F1033D}.Master|Win32.ActiveCfg = Debug|Win32
		{D18B3ABF-23BD-42D8-BAB1-DA4921F1033D}.Master|Win32.Build.0 = Debug|Win32
		{D18B3ABF-23BD-42D8-BAB1-DA4921F1033D}.Master|x64.ActiveCfg = Debug|x64
		{D18B3ABF-23BD-42D8-BAB1-DA4921F1033D}.Master|x64.Build.0 = Debug|x64
		{D18B3ABF-23BD-42D8-BAB1-DA4921F1033D}.Release_4ByteStruct|Win32.ActiveCfg = Debug|Win32
		{D18B3ABF-23BD-42D8-BAB1-DA4921F1033D}.Release_4ByteStruct|Win32.Build.0 = Debug|Win32
		{D18B3ABF-23BD-42D8-BAB1-DA4921F1033D}.Release_4ByteStruct|x64.ActiveCfg = Debug|x64
		{D18B3ABF-23BD-42D8-BAB1-DA4921F1033D}.Release_4ByteStruct|x64.Build.0 = Debug|x64
		{D18B3ABF-23BD-42D8-BAB1-DA4921F1033D}.Release|Win32.ActiveCfg = Debug|Win32
		{D18B3ABF-23BD-42D8-BAB1-DA4921F1033D}.Release|Win32.Build.0 = Debug|Win32
		{D18B3ABF-23BD-42D8-BAB1-DA4921F1033D}.Release|x64.ActiveCfg = Debug|x64
		{D18B3ABF-23BD-42D8-BAB1-DA4921F1033D}.Release|x64.Build.0 = Debug|x64
		{9EDB5C0F-BFD0-4A59-BB93-F06A52BB0128}.Debug_4ByteStruct|Win32.ActiveCfg = Debug_4ByteStruct|Win32
		{9EDB5C0F-BFD0-4A59-BB93-F06A52BB0128}.Debug_4ByteStruct|Win32.Build.0 = Debug_4ByteStruct|Win32
		{9EDB5C0F-BFD0-4A59-BB93-F06A52BB0128}.Debug_4ByteStruct|x64.ActiveCfg = Debug_4ByteStruct|x64
		{9EDB5C0F-BFD0-4A59-BB93-F06A52BB0128}.Debug_4ByteStruct|x64.Build.0 = Debug_4ByteStruct|x64
		{9EDB5C0F-BFD0-4A59-BB93-F06A52BB0128}.Debug|Win32.ActiveCfg = Debug|Win32
		{9EDB5C0F-BFD0-4A59-BB93-F06A52BB0128}.Debug|Win32.Build.0 = Debug|Win32
		{9EDB5C0F-BFD0-4A59-BB93-F06A52BB0128}.Debug|x64.ActiveCfg = Debug|x64
		{9EDB5C0F-BFD0-4A59-BB93-F06A52BB0128}.Debug|x64.Build.0 = Debug|x64
		{9EDB5C0F-BFD0-4A59-BB93-F06A52BB0128}.Master|Win32.ActiveCfg = Release_4ByteStruct|Win32
		{9EDB5C0F-BFD0-4A59-BB93-F06A52BB0128}.Master|Win32.Build.0 = Release_4ByteStruct|Win32
		{9EDB5C0F-BFD0-4A59-BB93-F06A52BB0128}.Master|x64.ActiveCfg = Release_4ByteStruct|x64
		{9EDB5C0F-BFD0-4A59-BB93-F06A52BB0128}.Master|x64.Build.0 = Release_4ByteStruct|x64
		{9EDB5C0F-BFD0-4A59-BB93-F06A52BB0128}.Release_4ByteStruct|Win32.ActiveCfg = Release_4ByteStruct|Win32
		{9EDB5C0F-BFD0-4A59-BB93-F06A52BB0128}.Release_4ByteStruct|Win32.Build.0 = Release_4ByteStruct|Win32
		{9EDB5C0F-BFD0-4A59-BB93-F06A52BB0128}.Release_4ByteStruct|x64.ActiveCfg = Release_4ByteStruct|x64
		{9EDB5C0F-BFD0-4A59-BB93-F06A52BB0128}.Release_4ByteStruct|x64.Build.0 = Release_4ByteStruct|x64
		{9EDB5C0F-BFD0-4A59-BB93-F06A52BB0128}.Release|Win32.ActiveCfg = Release|Win32
		{9EDB5C0F-BFD0-4A59-BB93-F06A52BB0128}.Release|Win32.Build.0 = Release|Win32
		{9EDB5C0F-BFD0-4A59-BB93-F06A52BB0128}.Release|x64.ActiveCfg = Release|x64
		{9EDB5C0F-BFD0-4A59-BB93-F06A52BB0128}.Release|x64.Build.0 = Release|x64
		{C46B9A53-86D8-4B7F-AB15-B2C04518A195}.Debug_4ByteStruct|Win32.ActiveCfg = Debug_4ByteStruct|Win32
		{C46B9A53-86D8-4B7F-AB15-B2C04518A195}.Debug_4ByteStruct|Win32.Build.0 = Debug_4ByteStruct|Win32
		{C46B9A53-86D8-4B7F-AB15-B2C04518A195}.Debug_4ByteStruct|x64.ActiveCfg = Debug_4ByteStruct|x64
		{C46B9A53-86D8-4B7F-AB15-B2C04518A195}.Debug_4ByteStruct|x64.Build.0 = Debug_4ByteStruct|x64
		{C46B9A53-86D8-4B7F-AB15-B2C04518A195}.Debug|Win32.ActiveCfg = Debug|Win32
		{C46B9A53-86D8-4B7F-AB15-B2C04518A195}.Debug|Win32.Build.0 = Debug|Win32
		{C46B9A53-86D8-4B7F-AB15-B2C04518A195}.Debug|x64.ActiveCfg = Debug|x64
		{C46B9A53-86D8-4B7F-AB15-B2C04518A195}.Debug|x64.Build.0 = Debug|x64
		{C46B9A53-86D8-4B7F-AB15-B2C04518A195}.Master|Win32.ActiveCfg = Release_4ByteStruct|Win32
		{C46B9A53-86D8-4B7F-AB15-B2C04518A195}.Master|Win32.Build.0 = Release_4ByteStruct|Win32
		{C46B9A53-86D8-4B7F-AB15-B2C04518A195}.Master|x64.ActiveCfg = Release_4ByteStruct|x64
		{C46B9A53-86D8-4B7F-AB15-B2C04518A195}.Master|x64.Build.0 = Release_4ByteStruct|x64
		{C46B9A53-86D8-4B7F-AB15-B2C04518A195}.Release_4ByteStruct|Win32.ActiveCfg = Release_4ByteStruct|Win32
		{C46B9A53-86D8-4B7F-AB15-B2C04518A195}.Release_4ByteStruct|Win32.Build.0 = Release_4ByteStruct|Win32
		{C46B9A53-86D8-4B7F-AB15-B2C04518A195}.Release_4ByteStruct|x64.ActiveCfg = Release_4ByteStruct|x64
		{C46B9A53-86D8-4B7F-AB15-B2C04518A195}.Release_4ByteStruct|x64.Build.0 = Release_4ByteStruct|x64
		{C46B9A53-86D8-4B7F-AB15-B2C04518A195}.Release|Win32.ActiveCfg = Release|Win32
		{C46B9A53-86D8-4B7F-AB15-B2C04518A195}.Release|Win32.Build.0 = Release|Win32
		{C46B9A53-86D8-4B7F-AB15-B2C04518A195}.Release|x64.ActiveCfg = Release|x64
		{C46B9A53-86D8-4B7F-AB15-B2C04518A195}.Release|x64.Build.0 = Release|x64
	EndGlobalSection
	GlobalSection(SolutionProperties) = preSolution
		HideSolutionNode = FALSE
	EndGlobalSection
EndGlobal
